
Microsoft Visual Studio Solution File, Format Version 12.00
# Visual Studio 15
VisualStudioVersion = 15.0.28307.645
MinimumVisualStudioVersion = 10.0.40219.1
Project("{9A19103F-16F7-4668-BE54-9A1E7A4F7556}") = "UniversityHospital2", "UniversityHospital2\UniversityHospital2.csproj", "{43A42B2B-EDD9-4A3F-8986-253FD6B52B6E}"
EndProject
Project("{FAE04EC0-301F-11D3-BF4B-00C04F79EFBC}") = "UniversityHospitalsTests", "UniversityHospitalsTests\UniversityHospitalsTests.csproj", "{1032E711-10A1-4809-BBB9-D74D1B3B42B0}"
EndProject
Global
	GlobalSection(SolutionConfigurationPlatforms) = preSolution
		Debug|Any CPU = Debug|Any CPU
		Release|Any CPU = Release|Any CPU
	EndGlobalSection
	GlobalSection(ProjectConfigurationPlatforms) = postSolution
		{43A42B2B-EDD9-4A3F-8986-253FD6B52B6E}.Debug|Any CPU.ActiveCfg = Debug|Any CPU
		{43A42B2B-EDD9-4A3F-8986-253FD6B52B6E}.Debug|Any CPU.Build.0 = Debug|Any CPU
		{43A42B2B-EDD9-4A3F-8986-253FD6B52B6E}.Release|Any CPU.ActiveCfg = Release|Any CPU
		{43A42B2B-EDD9-4A3F-8986-253FD6B52B6E}.Release|Any CPU.Build.0 = Release|Any CPU
		{1032E711-10A1-4809-BBB9-D74D1B3B42B0}.Debug|Any CPU.ActiveCfg = Debug|Any CPU
		{1032E711-10A1-4809-BBB9-D74D1B3B42B0}.Debug|Any CPU.Build.0 = Debug|Any CPU
		{1032E711-10A1-4809-BBB9-D74D1B3B42B0}.Release|Any CPU.ActiveCfg = Release|Any CPU
		{1032E711-10A1-4809-BBB9-D74D1B3B42B0}.Release|Any CPU.Build.0 = Release|Any CPU
	EndGlobalSection
	GlobalSection(SolutionProperties) = preSolution
		HideSolutionNode = FALSE
	EndGlobalSection
	GlobalSection(ExtensibilityGlobals) = postSolution
		SolutionGuid = {396A6EC6-5363-4C9C-BA1D-EA454F236D95}
	EndGlobalSection
EndGlobal
