
Microsoft Visual Studio Solution File, Format Version 12.00
# Visual Studio 15
VisualStudioVersion = 15.0.28307.645
MinimumVisualStudioVersion = 10.0.40219.1
Project("{9A19103F-16F7-4668-BE54-9A1E7A4F7556}") = "UniversityHospital2", "UniversityHospital2\UniversityHospital2.csproj", "{43A42B2B-EDD9-4A3F-8986-253FD6B52B6E}"
EndProject
Project("{FAE04EC0-301F-11D3-BF4B-00C04F79EFBC}") = "EmployeeDatabase.Tests", "EmployeeDatabase.Tests\EmployeeDatabase.Tests.csproj", "{3EF0189D-8AAA-460C-9B7D-80986028F00B}"
EndProject
Project("{FAE04EC0-301F-11D3-BF4B-00C04F79EFBC}") = "Doctor.Tests", "Doctor.Tests\Doctor.Tests.csproj", "{D3FE97FF-1F79-440F-8267-0F99C3D91ADF}"
EndProject
Project("{FAE04EC0-301F-11D3-BF4B-00C04F79EFBC}") = "Janitor.Tests", "Janitor.Tests\Janitor.Tests.csproj", "{5B340E77-7E4A-47AF-AB26-7303CFEE865A}"
EndProject
Project("{FAE04EC0-301F-11D3-BF4B-00C04F79EFBC}") = "Nurse.Tests", "Nurse.Tests\Nurse.Tests.csproj", "{C752FC3D-BD00-4685-8E4E-B277C9D3CF80}"
EndProject
Global
	GlobalSection(SolutionConfigurationPlatforms) = preSolution
		Debug|Any CPU = Debug|Any CPU
		Release|Any CPU = Release|Any CPU
	EndGlobalSection
	GlobalSection(ProjectConfigurationPlatforms) = postSolution
		{43A42B2B-EDD9-4A3F-8986-253FD6B52B6E}.Debug|Any CPU.ActiveCfg = Debug|Any CPU
		{43A42B2B-EDD9-4A3F-8986-253FD6B52B6E}.Debug|Any CPU.Build.0 = Debug|Any CPU
		{43A42B2B-EDD9-4A3F-8986-253FD6B52B6E}.Release|Any CPU.ActiveCfg = Release|Any CPU
		{43A42B2B-EDD9-4A3F-8986-253FD6B52B6E}.Release|Any CPU.Build.0 = Release|Any CPU
		{3EF0189D-8AAA-460C-9B7D-80986028F00B}.Debug|Any CPU.ActiveCfg = Debug|Any CPU
		{3EF0189D-8AAA-460C-9B7D-80986028F00B}.Debug|Any CPU.Build.0 = Debug|Any CPU
		{3EF0189D-8AAA-460C-9B7D-80986028F00B}.Release|Any CPU.ActiveCfg = Release|Any CPU
		{3EF0189D-8AAA-460C-9B7D-80986028F00B}.Release|Any CPU.Build.0 = Release|Any CPU
		{D3FE97FF-1F79-440F-8267-0F99C3D91ADF}.Debug|Any CPU.ActiveCfg = Debug|Any CPU
		{D3FE97FF-1F79-440F-8267-0F99C3D91ADF}.Debug|Any CPU.Build.0 = Debug|Any CPU
		{D3FE97FF-1F79-440F-8267-0F99C3D91ADF}.Release|Any CPU.ActiveCfg = Release|Any CPU
		{D3FE97FF-1F79-440F-8267-0F99C3D91ADF}.Release|Any CPU.Build.0 = Release|Any CPU
		{5B340E77-7E4A-47AF-AB26-7303CFEE865A}.Debug|Any CPU.ActiveCfg = Debug|Any CPU
		{5B340E77-7E4A-47AF-AB26-7303CFEE865A}.Debug|Any CPU.Build.0 = Debug|Any CPU
		{5B340E77-7E4A-47AF-AB26-7303CFEE865A}.Release|Any CPU.ActiveCfg = Release|Any CPU
		{5B340E77-7E4A-47AF-AB26-7303CFEE865A}.Release|Any CPU.Build.0 = Release|Any CPU
		{C752FC3D-BD00-4685-8E4E-B277C9D3CF80}.Debug|Any CPU.ActiveCfg = Debug|Any CPU
		{C752FC3D-BD00-4685-8E4E-B277C9D3CF80}.Debug|Any CPU.Build.0 = Debug|Any CPU
		{C752FC3D-BD00-4685-8E4E-B277C9D3CF80}.Release|Any CPU.ActiveCfg = Release|Any CPU
		{C752FC3D-BD00-4685-8E4E-B277C9D3CF80}.Release|Any CPU.Build.0 = Release|Any CPU
	EndGlobalSection
	GlobalSection(SolutionProperties) = preSolution
		HideSolutionNode = FALSE
	EndGlobalSection
	GlobalSection(ExtensibilityGlobals) = postSolution
		SolutionGuid = {396A6EC6-5363-4C9C-BA1D-EA454F236D95}
	EndGlobalSection
EndGlobal
